{
  "version": 4,
  "terraform_version": "0.14.7",
  "serial": 110,
  "lineage": "2dcdc11b-90b6-fc9f-c000-fc29714bdd5b",
  "outputs": {},
  "resources": [
    {
      "module": "module.app-engine-project.module.project-factory",
      "mode": "managed",
      "type": "google_project",
      "name": "main",
      "provider": "provider[\"registry.terraform.io/hashicorp/google\"]",
      "instances": [
        {
          "schema_version": 1,
          "attributes": {
            "auto_create_network": false,
            "billing_account": "01470A-5B4253-CB43FB",
            "folder_id": null,
            "id": "projects/prysm-stew-bracken-c62e",
            "labels": {},
            "name": "prysm-stew-bracken",
            "number": "441862477341",
            "org_id": null,
            "project_id": "prysm-stew-bracken-c62e",
            "skip_delete": null,
            "timeouts": null
          },
          "sensitive_attributes": [],
          "private": "eyJlMmJmYjczMC1lY2FhLTExZTYtOGY4OC0zNDM2M2JjN2M0YzAiOnsiY3JlYXRlIjo2MDAwMDAwMDAwMDAsImRlbGV0ZSI6NjAwMDAwMDAwMDAwLCJyZWFkIjo2MDAwMDAwMDAwMDAsInVwZGF0ZSI6NjAwMDAwMDAwMDAwfSwic2NoZW1hX3ZlcnNpb24iOiIxIn0=",
          "dependencies": [
            "module.app-engine-project.module.project-factory.random_id.random_project_id_suffix"
          ]
        }
      ]
    },
    {
      "module": "module.app-engine-project.module.project-factory",
      "mode": "managed",
      "type": "random_id",
      "name": "random_project_id_suffix",
      "provider": "provider[\"registry.terraform.io/hashicorp/random\"]",
      "instances": [
        {
          "schema_version": 0,
          "attributes": {
            "b64": "xi4",
            "b64_std": "xi4=",
            "b64_url": "xi4",
            "byte_length": 2,
            "dec": "50734",
            "hex": "c62e",
            "id": "xi4",
            "keepers": null,
            "prefix": null
          },
          "sensitive_attributes": [],
          "private": "bnVsbA=="
        }
      ]
    },
    {
      "module": "module.app-engine-project.module.project-factory.module.project_services",
      "mode": "managed",
      "type": "google_project_service",
      "name": "project_services",
      "provider": "provider[\"registry.terraform.io/hashicorp/google\"]",
      "instances": [
        {
          "index_key": "appengine.googleapis.com",
          "schema_version": 0,
          "attributes": {
            "disable_dependent_services": true,
            "disable_on_destroy": true,
            "id": "prysm-stew-bracken-c62e/appengine.googleapis.com",
            "project": "prysm-stew-bracken-c62e",
            "service": "appengine.googleapis.com",
            "timeouts": null
          },
          "sensitive_attributes": [],
          "private": "eyJlMmJmYjczMC1lY2FhLTExZTYtOGY4OC0zNDM2M2JjN2M0YzAiOnsiY3JlYXRlIjoxMjAwMDAwMDAwMDAwLCJkZWxldGUiOjEyMDAwMDAwMDAwMDAsInJlYWQiOjYwMDAwMDAwMDAwMCwidXBkYXRlIjoxMjAwMDAwMDAwMDAwfX0=",
          "dependencies": [
            "module.app-engine-project.module.project-factory.google_project.main",
            "module.app-engine-project.module.project-factory.random_id.random_project_id_suffix"
          ]
        }
      ]
    },
    {
      "module": "module.postgresql-db",
      "mode": "managed",
      "type": "google_sql_database",
      "name": "default",
      "provider": "provider[\"registry.terraform.io/hashicorp/google\"]",
      "instances": [
        {
          "index_key": 0,
          "schema_version": 0,
          "attributes": {
            "charset": "UTF8",
            "collation": "en_US.UTF8",
            "id": "projects/prysm-stew-bracken-c62e/instances/prysm-main-b011cc0d/databases/default",
            "instance": "prysm-main-b011cc0d",
            "name": "default",
            "project": "prysm-stew-bracken-c62e",
            "self_link": "https://sqladmin.googleapis.com/sql/v1beta4/projects/prysm-stew-bracken-c62e/instances/prysm-main-b011cc0d/databases/default",
            "timeouts": null
          },
          "sensitive_attributes": []
        }
      ]
    },
    {
      "module": "module.postgresql-db",
      "mode": "managed",
      "type": "google_sql_database_instance",
      "name": "default",
      "provider": "provider[\"registry.terraform.io/hashicorp/google-beta\"]",
      "instances": [
        {
          "schema_version": 0,
          "attributes": {
            "clone": [],
            "connection_name": "prysm-stew-bracken-c62e:us-central1:prysm-main-b011cc0d",
            "database_version": "POSTGRES_9_6",
            "deletion_protection": false,
            "encryption_key_name": null,
            "first_ip_address": "34.122.73.70",
            "id": "prysm-main-b011cc0d",
            "ip_address": [
              {
                "ip_address": "34.122.73.70",
                "time_to_retire": "",
                "type": "PRIMARY"
              }
            ],
            "master_instance_name": "",
            "name": "prysm-main-b011cc0d",
            "private_ip_address": "",
            "project": "prysm-stew-bracken-c62e",
            "public_ip_address": "34.122.73.70",
            "region": "us-central1",
            "replica_configuration": [],
            "restore_backup_context": [],
            "root_password": null,
            "self_link": "https://sqladmin.googleapis.com/sql/v1beta4/projects/prysm-stew-bracken-c62e/instances/prysm-main-b011cc0d",
            "server_ca_cert": [
              {
                "cert": "-----BEGIN CERTIFICATE-----\nMIIDfzCCAmegAwIBAgIBADANBgkqhkiG9w0BAQsFADB3MS0wKwYDVQQuEyQyZWRl\nMGE0Mi1lMDNjLTQxYzctYjIyNS0zZTY0ZTE2ZWVhNzAxIzAhBgNVBAMTGkdvb2ds\nZSBDbG91ZCBTUUwgU2VydmVyIENBMRQwEgYDVQQKEwtHb29nbGUsIEluYzELMAkG\nA1UEBhMCVVMwHhcNMjEwMzAxMDYyNTM1WhcNMzEwMjI3MDYyNjM1WjB3MS0wKwYD\nVQQuEyQyZWRlMGE0Mi1lMDNjLTQxYzctYjIyNS0zZTY0ZTE2ZWVhNzAxIzAhBgNV\nBAMTGkdvb2dsZSBDbG91ZCBTUUwgU2VydmVyIENBMRQwEgYDVQQKEwtHb29nbGUs\nIEluYzELMAkGA1UEBhMCVVMwggEiMA0GCSqGSIb3DQEBAQUAA4IBDwAwggEKAoIB\nAQCcP82n1PI+6ISo926VKsWkyPc8c1YFL/czP7s2tCBhk4q/w7ZxjGTIz7Ii91Vx\nOQmiAwP4zBfM1zmv9LMbM+w7DhOdnUHaYJJamTIJjJoYL31oOwjW7ovRO+FtXnLZ\nqIEVtLLpQ6h5TzLIIF6wgnSKi46sQMmVrSDfuCnv6wliOjyDvT5nLhJAAavwcOJw\n2pCmxgh7WCrtMjdCosJxGxViyBTEhDaZwp7TTs38aJciGpODPV8FMkZykcK5ssOa\nqcMXwZzU5NlOEQ88UT2h9q1GbDXoBGS0X1JJHMkqYgmphDsuBhlLn2sdITUJFsww\nysZ71wve/+Mk5nuQ7uv8T17RAgMBAAGjFjAUMBIGA1UdEwEB/wQIMAYBAf8CAQAw\nDQYJKoZIhvcNAQELBQADggEBACPDr2+dK4JqpCbeaJHAcjZt/T3J+ZFT398NEEe9\nxs9kShKlHFzaahV981sv4EWbpJ/TDHwIkmXexobAwOYADhNEMz8uuyAo19eyq6g4\natQ0hv76zLuSdaxBWzsyDuj1KSVUhL5GAF+el8ap3jSnQhB5Ipw4eq1HRcJ5Kh60\nq21EE/3XL3CfdSAJVe5xgnlq8eFjsg2kszKPWgk0ie/8X+dFAOir8FdzMXaeBhpq\nw5VDLr5/h2s9x84kwHSyxsPwn+NYZcfdMZsTS1mW/49nJmr/PPYCJMcazkckE497\nz4jntBgysn5WsQodGhDX7owc2P5BfeLYEVUmY8z1OjgQX+E=\n-----END CERTIFICATE-----",
                "common_name": "C=US,O=Google\\, Inc,CN=Google Cloud SQL Server CA,dnQualifier=2ede0a42-e03c-41c7-b225-3e64e16eea70",
                "create_time": "2021-03-01T06:25:35.603Z",
                "expiration_time": "2031-02-27T06:26:35.603Z",
                "sha1_fingerprint": "5670f57bed09409c37dc071509db5ea892b3c3d7"
              }
            ],
            "service_account_email_address": "p441862477341-mdpzh6@gcp-sa-cloud-sql.iam.gserviceaccount.com",
            "settings": [
              {
                "activation_policy": "ALWAYS",
                "authorized_gae_applications": [],
                "availability_type": "ZONAL",
                "backup_configuration": [
                  {
                    "binary_log_enabled": false,
                    "enabled": false,
                    "location": "",
                    "point_in_time_recovery_enabled": false,
                    "start_time": "00:00"
                  }
                ],
                "crash_safe_replication": false,
                "database_flags": [],
                "disk_autoresize": true,
                "disk_size": 10,
                "disk_type": "PD_SSD",
                "insights_config": [],
                "ip_configuration": [
                  {
                    "authorized_networks": [],
                    "ipv4_enabled": true,
                    "private_network": "",
                    "require_ssl": true
                  }
                ],
                "location_preference": [
                  {
                    "follow_gae_application": "",
                    "zone": "us-central1-c"
                  }
                ],
                "maintenance_window": [
                  {
                    "day": 1,
                    "hour": 23,
                    "update_track": "canary"
                  }
                ],
                "pricing_plan": "PER_USE",
                "replication_type": "SYNCHRONOUS",
                "tier": "db-f1-micro",
                "user_labels": {},
                "version": 1
              }
            ],
            "timeouts": {
              "create": "10m",
              "delete": "10m",
              "update": "10m"
            }
          },
          "sensitive_attributes": []
        }
      ]
    },
    {
      "module": "module.postgresql-db",
      "mode": "managed",
      "type": "google_sql_user",
      "name": "default",
      "provider": "provider[\"registry.terraform.io/hashicorp/google\"]",
      "instances": [
        {
          "index_key": 0,
          "schema_version": 1,
          "attributes": {
            "deletion_policy": null,
            "host": "",
            "id": "default//prysm-main-b011cc0d",
            "instance": "prysm-main-b011cc0d",
            "name": "default",
            "password": "70a0e4d6b18b90b9",
            "project": "prysm-stew-bracken-c62e",
            "timeouts": null,
            "type": ""
          },
          "sensitive_attributes": []
        }
      ]
    },
    {
      "module": "module.postgresql-db",
      "mode": "managed",
      "type": "null_resource",
      "name": "module_depends_on",
      "provider": "provider[\"registry.terraform.io/hashicorp/null\"]",
      "instances": [
        {
          "schema_version": 0,
          "attributes": {
            "id": "1483154098867757962",
            "triggers": {
              "value": "0"
            }
          },
          "sensitive_attributes": [],
          "private": "bnVsbA=="
        }
      ]
    },
    {
      "module": "module.postgresql-db",
      "mode": "managed",
      "type": "random_id",
      "name": "suffix",
      "provider": "provider[\"registry.terraform.io/hashicorp/random\"]",
      "instances": [
        {
          "index_key": 0,
          "schema_version": 0,
          "attributes": {
            "b64": "sBHMDQ",
            "b64_std": "sBHMDQ==",
            "b64_url": "sBHMDQ",
            "byte_length": 4,
            "dec": "2953956365",
            "hex": "b011cc0d",
            "id": "sBHMDQ",
            "keepers": null,
            "prefix": null
          },
          "sensitive_attributes": [],
          "private": "bnVsbA=="
        }
      ]
    },
    {
      "module": "module.postgressql",
      "mode": "managed",
      "type": "google_sql_database_instance",
      "name": "default",
      "provider": "provider[\"registry.terraform.io/hashicorp/google-beta\"]",
      "instances": [
        {
          "schema_version": 0,
          "attributes": {
            "clone": [],
            "connection_name": "prysm-stew-bracken-c62e:us-west2:prysm-main",
            "database_version": "POSTGRES_13",
            "deletion_protection": true,
            "encryption_key_name": null,
            "first_ip_address": "34.94.252.82",
            "id": "prysm-main",
            "ip_address": [
              {
                "ip_address": "34.94.252.82",
                "time_to_retire": "",
                "type": "PRIMARY"
              }
            ],
            "master_instance_name": "",
            "name": "prysm-main",
            "private_ip_address": "",
            "project": "prysm-stew-bracken-c62e",
            "public_ip_address": "34.94.252.82",
            "region": "us-west2",
            "replica_configuration": [],
            "restore_backup_context": [],
            "root_password": null,
            "self_link": "https://sqladmin.googleapis.com/sql/v1beta4/projects/prysm-stew-bracken-c62e/instances/prysm-main",
            "server_ca_cert": [
              {
                "cert": "-----BEGIN CERTIFICATE-----\nMIIDfzCCAmegAwIBAgIBADANBgkqhkiG9w0BAQsFADB3MS0wKwYDVQQuEyQ5OTE1\nZWQxYy1mM2ZmLTRhYmUtYWI0Ni04NGE5Mjc4OGFhYTUxIzAhBgNVBAMTGkdvb2ds\nZSBDbG91ZCBTUUwgU2VydmVyIENBMRQwEgYDVQQKEwtHb29nbGUsIEluYzELMAkG\nA1UEBhMCVVMwHhcNMjEwMzAxMDUyNzE3WhcNMzEwMjI3MDUyODE3WjB3MS0wKwYD\nVQQuEyQ5OTE1ZWQxYy1mM2ZmLTRhYmUtYWI0Ni04NGE5Mjc4OGFhYTUxIzAhBgNV\nBAMTGkdvb2dsZSBDbG91ZCBTUUwgU2VydmVyIENBMRQwEgYDVQQKEwtHb29nbGUs\nIEluYzELMAkGA1UEBhMCVVMwggEiMA0GCSqGSIb3DQEBAQUAA4IBDwAwggEKAoIB\nAQCmQp8EmJhi4chgvgbOQ302c+0hTrUWGxmyeQMpaytRjIMonaoy3sjOKujwF6Cv\nm+Qzyyi6DxbY4Brr+tf04R6C+faln/GKU1G8ElQBlayiSPUbJq5fCgSCoO0Ph3JK\nsv5bFESOMVh/lCucU2o2VNSywTqPYIIv9to79sQK5GE14DApyqLeLYuymZ1UL9N2\nLpmuMAyrN13AO9NcTbVrNkYCCTYWXwKGLW6oLKzSXApJQFSejo3LvoMKXpJ6sGgy\nnq/MFwWRSwdUkj686eThj5otZvZNWcOdUa84/GpVanajl1J4n4E5kQ9bRs9uCrXf\n4T9UqFkGCq+CXr1O1a3L7odNAgMBAAGjFjAUMBIGA1UdEwEB/wQIMAYBAf8CAQAw\nDQYJKoZIhvcNAQELBQADggEBAAd5P/1LB+5RrMjAy+CeH4j8GmXSXHkpBWm70PGL\nt34AngR5qNeQk7cBZmxt4BLgzxdUmMgWXNuqT0FEajyLvWADWjEe6o+u2xhpB5m+\nDIv4pyNZPm0vNq4qpHnMfjRgYlO+fALNZ94Gv0fTRa9CHv5tAaZbXBpUwuMNXyUE\nu0cIwvav5pGnjgzQ2I7Q5Ut2SpA2HozTM8WCKtiiQ6zI/nrxeua8Xd/reaNJg0V5\nsNVmuxz6x75yjDnmfZgraso2aJhKc9ajW/VriJSOHF5ZfCnHuwVyV4PJBgvuWkD/\nyShtKdSsOWoqYlE3gMmyfZL0jpCXtgQpSEAuNINCmlMekfg=\n-----END CERTIFICATE-----",
                "common_name": "C=US,O=Google\\, Inc,CN=Google Cloud SQL Server CA,dnQualifier=9915ed1c-f3ff-4abe-ab46-84a92788aaa5",
                "create_time": "2021-03-01T05:27:17.922Z",
                "expiration_time": "2031-02-27T05:28:17.922Z",
                "sha1_fingerprint": "0e4da71a6c37f117bde3fa1828f0067d9613dbe7"
              }
            ],
            "service_account_email_address": "p441862477341-n6gakj@gcp-sa-cloud-sql.iam.gserviceaccount.com",
            "settings": [
              {
                "activation_policy": "ALWAYS",
                "authorized_gae_applications": [],
                "availability_type": "ZONAL",
                "backup_configuration": [
                  {
                    "binary_log_enabled": false,
                    "enabled": false,
                    "location": "",
                    "point_in_time_recovery_enabled": false,
                    "start_time": "14:00"
                  }
                ],
                "crash_safe_replication": false,
                "database_flags": [],
                "disk_autoresize": true,
                "disk_size": 10,
                "disk_type": "PD_SSD",
                "insights_config": [],
                "ip_configuration": [
                  {
                    "authorized_networks": [],
                    "ipv4_enabled": true,
                    "private_network": "",
                    "require_ssl": false
                  }
                ],
                "location_preference": [
                  {
                    "follow_gae_application": "",
                    "zone": "us-west2-a"
                  }
                ],
                "maintenance_window": [
                  {
                    "day": 1,
                    "hour": 23,
                    "update_track": "canary"
                  }
                ],
                "pricing_plan": "PER_USE",
                "replication_type": "SYNCHRONOUS",
                "tier": "db-f1-micro",
                "user_labels": {},
                "version": 1
              }
            ],
            "timeouts": {
              "create": "10m",
              "delete": "10m",
              "update": "10m"
            }
          },
          "sensitive_attributes": []
        }
      ]
    }
  ]
}
