{
  "version": 4,
  "terraform_version": "0.14.7",
  "serial": 10,
  "lineage": "26b72b41-6028-77b1-8d72-e0c817bba145",
  "outputs": {
    "db": {
      "value": "https://sqladmin.googleapis.com/sql/v1beta4/projects/prysm-stew-bracken-c62e/instances/prysm-main-0bb2/databases/default",
      "type": "string"
    },
    "db_name": {
      "value": "default",
      "type": "string"
    },
    "master_instance": {
      "value": "https://sqladmin.googleapis.com/sql/v1beta4/projects/prysm-stew-bracken-c62e/instances/prysm-main-0bb2",
      "type": "string"
    },
    "master_instance_name": {
      "value": "prysm-main-0bb2",
      "type": "string"
    },
    "master_ip_addresses": {
      "value": "[{\"ip_address\":\"10.27.0.3\",\"time_to_retire\":\"\",\"type\":\"PRIVATE\"}]",
      "type": "string"
    },
    "master_private_ip": {
      "value": "10.27.0.3",
      "type": "string"
    },
    "master_proxy_connection": {
      "value": "prysm-stew-bracken-c62e:us-west2:prysm-main-0bb2",
      "type": "string"
    }
  },
  "resources": [
    {
      "mode": "managed",
      "type": "google_compute_global_address",
      "name": "private_ip_address",
      "provider": "provider[\"registry.terraform.io/hashicorp/google-beta\"]",
      "instances": [
        {
          "schema_version": 0,
          "attributes": {
            "address": "10.27.0.0",
            "address_type": "INTERNAL",
            "creation_timestamp": "2021-03-01T08:45:49.575-08:00",
            "description": "",
            "id": "projects/prysm-stew-bracken-c62e/global/addresses/private-ip-0bb2",
            "ip_version": "",
            "label_fingerprint": "42WmSpB8rSM=",
            "labels": null,
            "name": "private-ip-0bb2",
            "network": "https://www.googleapis.com/compute/v1/projects/prysm-stew-bracken-c62e/global/networks/private-network-0bb2",
            "prefix_length": 16,
            "project": "prysm-stew-bracken-c62e",
            "purpose": "VPC_PEERING",
            "self_link": "https://www.googleapis.com/compute/v1/projects/prysm-stew-bracken-c62e/global/addresses/private-ip-0bb2",
            "timeouts": null
          },
          "sensitive_attributes": [],
          "private": "eyJlMmJmYjczMC1lY2FhLTExZTYtOGY4OC0zNDM2M2JjN2M0YzAiOnsiY3JlYXRlIjoyNDAwMDAwMDAwMDAsImRlbGV0ZSI6MjQwMDAwMDAwMDAwLCJ1cGRhdGUiOjI0MDAwMDAwMDAwMH19",
          "dependencies": [
            "google_compute_network.private_network",
            "random_id.name"
          ]
        }
      ]
    },
    {
      "mode": "managed",
      "type": "google_compute_network",
      "name": "private_network",
      "provider": "provider[\"registry.terraform.io/hashicorp/google-beta\"]",
      "instances": [
        {
          "schema_version": 0,
          "attributes": {
            "auto_create_subnetworks": true,
            "delete_default_routes_on_create": false,
            "description": "",
            "gateway_ipv4": "",
            "id": "projects/prysm-stew-bracken-c62e/global/networks/private-network-0bb2",
            "mtu": 0,
            "name": "private-network-0bb2",
            "project": "prysm-stew-bracken-c62e",
            "routing_mode": "REGIONAL",
            "self_link": "https://www.googleapis.com/compute/v1/projects/prysm-stew-bracken-c62e/global/networks/private-network-0bb2",
            "timeouts": null
          },
          "sensitive_attributes": [],
          "private": "eyJlMmJmYjczMC1lY2FhLTExZTYtOGY4OC0zNDM2M2JjN2M0YzAiOnsiY3JlYXRlIjoyNDAwMDAwMDAwMDAsImRlbGV0ZSI6MjQwMDAwMDAwMDAwLCJ1cGRhdGUiOjI0MDAwMDAwMDAwMH19",
          "dependencies": [
            "random_id.name"
          ]
        }
      ]
    },
    {
      "mode": "managed",
      "type": "google_service_networking_connection",
      "name": "private_vpc_connection",
      "provider": "provider[\"registry.terraform.io/hashicorp/google-beta\"]",
      "instances": [
        {
          "schema_version": 0,
          "attributes": {
            "id": "https%3A%2F%2Fwww.googleapis.com%2Fcompute%2Fv1%2Fprojects%2Fprysm-stew-bracken-c62e%2Fglobal%2Fnetworks%2Fprivate-network-0bb2:servicenetworking.googleapis.com",
            "network": "https://www.googleapis.com/compute/v1/projects/prysm-stew-bracken-c62e/global/networks/private-network-0bb2",
            "peering": "servicenetworking-googleapis-com",
            "reserved_peering_ranges": [
              "private-ip-0bb2"
            ],
            "service": "servicenetworking.googleapis.com",
            "timeouts": null
          },
          "sensitive_attributes": [],
          "private": "eyJlMmJmYjczMC1lY2FhLTExZTYtOGY4OC0zNDM2M2JjN2M0YzAiOnsiY3JlYXRlIjo2MDAwMDAwMDAwMDAsImRlbGV0ZSI6NjAwMDAwMDAwMDAwLCJ1cGRhdGUiOjYwMDAwMDAwMDAwMH19",
          "dependencies": [
            "google_compute_global_address.private_ip_address",
            "google_compute_network.private_network",
            "random_id.name"
          ]
        }
      ]
    },
    {
      "mode": "managed",
      "type": "random_id",
      "name": "name",
      "provider": "provider[\"registry.terraform.io/hashicorp/random\"]",
      "instances": [
        {
          "schema_version": 0,
          "attributes": {
            "b64_std": "C7I=",
            "b64_url": "C7I",
            "byte_length": 2,
            "dec": "2994",
            "hex": "0bb2",
            "id": "C7I",
            "keepers": null,
            "prefix": null
          },
          "sensitive_attributes": [],
          "private": "bnVsbA=="
        }
      ]
    },
    {
      "module": "module.postgresql",
      "mode": "data",
      "type": "template_file",
      "name": "complete",
      "provider": "provider[\"registry.terraform.io/hashicorp/template\"]",
      "instances": [
        {
          "schema_version": 0,
          "attributes": {
            "filename": null,
            "id": "b5bea41b6c623f7c09f1bf24dcae58ebab3c0cdd90ad966bc43a45b44867e12b",
            "rendered": "true",
            "template": "true",
            "vars": null
          },
          "sensitive_attributes": []
        }
      ]
    },
    {
      "module": "module.postgresql",
      "mode": "managed",
      "type": "google_sql_database",
      "name": "default",
      "provider": "provider[\"registry.terraform.io/hashicorp/google\"]",
      "instances": [
        {
          "schema_version": 0,
          "attributes": {
            "charset": "UTF8",
            "collation": "en_US.UTF8",
            "id": "projects/prysm-stew-bracken-c62e/instances/prysm-main-0bb2/databases/default",
            "instance": "prysm-main-0bb2",
            "name": "default",
            "project": "prysm-stew-bracken-c62e",
            "self_link": "https://sqladmin.googleapis.com/sql/v1beta4/projects/prysm-stew-bracken-c62e/instances/prysm-main-0bb2/databases/default",
            "timeouts": null
          },
          "sensitive_attributes": [],
          "private": "eyJlMmJmYjczMC1lY2FhLTExZTYtOGY4OC0zNDM2M2JjN2M0YzAiOnsiY3JlYXRlIjo5MDAwMDAwMDAwMDAsImRlbGV0ZSI6NjAwMDAwMDAwMDAwLCJ1cGRhdGUiOjYwMDAwMDAwMDAwMH19",
          "dependencies": [
            "google_compute_global_address.private_ip_address",
            "google_compute_network.private_network",
            "google_service_networking_connection.private_vpc_connection",
            "module.postgresql.google_sql_database_instance.master",
            "module.postgresql.null_resource.dependency_getter",
            "random_id.name"
          ]
        }
      ]
    },
    {
      "module": "module.postgresql",
      "mode": "managed",
      "type": "google_sql_database_instance",
      "name": "master",
      "provider": "provider[\"registry.terraform.io/hashicorp/google-beta\"]",
      "instances": [
        {
          "schema_version": 0,
          "attributes": {
            "clone": [],
            "connection_name": "prysm-stew-bracken-c62e:us-west2:prysm-main-0bb2",
            "database_version": "POSTGRES_13",
            "deletion_protection": false,
            "encryption_key_name": null,
            "first_ip_address": "10.27.0.3",
            "id": "prysm-main-0bb2",
            "ip_address": [
              {
                "ip_address": "10.27.0.3",
                "time_to_retire": "",
                "type": "PRIVATE"
              }
            ],
            "master_instance_name": "",
            "name": "prysm-main-0bb2",
            "private_ip_address": "10.27.0.3",
            "project": "prysm-stew-bracken-c62e",
            "public_ip_address": "",
            "region": "us-west2",
            "replica_configuration": [],
            "restore_backup_context": [],
            "root_password": null,
            "self_link": "https://sqladmin.googleapis.com/sql/v1beta4/projects/prysm-stew-bracken-c62e/instances/prysm-main-0bb2",
            "server_ca_cert": [
              {
                "cert": "-----BEGIN CERTIFICATE-----\nMIIDfzCCAmegAwIBAgIBADANBgkqhkiG9w0BAQsFADB3MS0wKwYDVQQuEyQ3ZWRi\nODM2Zi1lZmNiLTQ1ZjYtYTZmNi01MTkzNTlmYzFjY2IxIzAhBgNVBAMTGkdvb2ds\nZSBDbG91ZCBTUUwgU2VydmVyIENBMRQwEgYDVQQKEwtHb29nbGUsIEluYzELMAkG\nA1UEBhMCVVMwHhcNMjEwMzAxMTY0OTMyWhcNMzEwMjI3MTY1MDMyWjB3MS0wKwYD\nVQQuEyQ3ZWRiODM2Zi1lZmNiLTQ1ZjYtYTZmNi01MTkzNTlmYzFjY2IxIzAhBgNV\nBAMTGkdvb2dsZSBDbG91ZCBTUUwgU2VydmVyIENBMRQwEgYDVQQKEwtHb29nbGUs\nIEluYzELMAkGA1UEBhMCVVMwggEiMA0GCSqGSIb3DQEBAQUAA4IBDwAwggEKAoIB\nAQDQcOK4CNd2nXpne+SeqILLO/wsmVChX0PyZS46JZ8p9NPFChjRNa7J97HDIxus\n/ME/KmwPAqjC3N+1uHqR4HfwrBPoymnGD3wZL71yIcIjUK2luoy1e3M9f5eVFqbz\ndWLcVKCC7w9yhh9n2u7/dQY1msDbylBRG9P9sSx6czwhfEVWzBE/tjdAjeV//c/4\n58aIvOeJ6xsOQamn1IyWoN9VyUlRJ77FT72BG0pqQMfwH/iWkkRXWK+QYRPg3fW6\nlm0bR8UPgbHOwWEKWrD023/Ehr8f9WGT4W3SVCqJIuEzBLuvPYrzMYmhqY3xoSkC\ngUXrSeE025oAou2p+cDVbE/nAgMBAAGjFjAUMBIGA1UdEwEB/wQIMAYBAf8CAQAw\nDQYJKoZIhvcNAQELBQADggEBACM1FqhgHjnbrQezLkUkPNblHMzprGIKSx4YRUhZ\nyWL0MFPAhtwUEZtDwysUFZhkr0eBAIJarRLm9hWVFVwSJmoxkvtEBwBwtLQrM2yZ\nDQUwIHm427bWCUTBp3Ez9cm6wi+skBC7eSH1cmy5NKIA1Ba8QoHLe55dD60xyAMz\ntc3G2WktGXtJ1mUQ3yA6qOjMZ7TBNpDSZoCf4CSYP+VBG7lG/zyUfHcjC/gGxG5j\np0F1cmHA5+nEMxkBVnhNthhgQu5V6Qk0cipqRxdQcux92CryJQLMibXKY2cNvAYQ\nYzGLG7/Rxsp4eSyb0HCTMUQAe+pUMyU13/WjUr2mNKf3D5s=\n-----END CERTIFICATE-----",
                "common_name": "C=US,O=Google\\, Inc,CN=Google Cloud SQL Server CA,dnQualifier=7edb836f-efcb-45f6-a6f6-519359fc1ccb",
                "create_time": "2021-03-01T16:49:32.887Z",
                "expiration_time": "2031-02-27T16:50:32.887Z",
                "sha1_fingerprint": "bf6a89d272e62898893e327e9172c1676bcb87bf"
              }
            ],
            "service_account_email_address": "p441862477341-iaox58@gcp-sa-cloud-sql.iam.gserviceaccount.com",
            "settings": [
              {
                "activation_policy": "ALWAYS",
                "authorized_gae_applications": [],
                "availability_type": "ZONAL",
                "backup_configuration": [
                  {
                    "binary_log_enabled": false,
                    "enabled": true,
                    "location": "",
                    "point_in_time_recovery_enabled": false,
                    "start_time": "04:00"
                  }
                ],
                "crash_safe_replication": false,
                "database_flags": [],
                "disk_autoresize": true,
                "disk_size": 10,
                "disk_type": "PD_SSD",
                "ip_configuration": [
                  {
                    "authorized_networks": [],
                    "ipv4_enabled": false,
                    "private_network": "projects/prysm-stew-bracken-c62e/global/networks/private-network-0bb2",
                    "require_ssl": false
                  }
                ],
                "location_preference": [
                  {
                    "follow_gae_application": "",
                    "zone": "us-west2-a"
                  }
                ],
                "maintenance_window": [
                  {
                    "day": 7,
                    "hour": 7,
                    "update_track": "stable"
                  }
                ],
                "pricing_plan": "PER_USE",
                "replication_type": "SYNCHRONOUS",
                "tier": "db-f1-micro",
                "user_labels": {
                  "test-id": "postgres-private-ip-example"
                },
                "version": 1
              }
            ],
            "timeouts": {
              "create": "60m",
              "delete": "60m",
              "update": "60m"
            }
          },
          "sensitive_attributes": [],
          "private": "eyJlMmJmYjczMC1lY2FhLTExZTYtOGY4OC0zNDM2M2JjN2M0YzAiOnsiY3JlYXRlIjozNjAwMDAwMDAwMDAwLCJkZWxldGUiOjM2MDAwMDAwMDAwMDAsInVwZGF0ZSI6MzYwMDAwMDAwMDAwMH19",
          "dependencies": [
            "google_compute_global_address.private_ip_address",
            "google_compute_network.private_network",
            "google_service_networking_connection.private_vpc_connection",
            "module.postgresql.null_resource.dependency_getter",
            "random_id.name"
          ]
        }
      ]
    },
    {
      "module": "module.postgresql",
      "mode": "managed",
      "type": "google_sql_user",
      "name": "default",
      "provider": "provider[\"registry.terraform.io/hashicorp/google\"]",
      "instances": [
        {
          "schema_version": 1,
          "attributes": {
            "deletion_policy": null,
            "host": "",
            "id": "postgres//prysm-main-0bb2",
            "instance": "prysm-main-0bb2",
            "name": "postgres",
            "password": "pizza",
            "project": "prysm-stew-bracken-c62e",
            "timeouts": null,
            "type": ""
          },
          "sensitive_attributes": [],
          "private": "eyJlMmJmYjczMC1lY2FhLTExZTYtOGY4OC0zNDM2M2JjN2M0YzAiOnsiY3JlYXRlIjo2MDAwMDAwMDAwMDAsImRlbGV0ZSI6NjAwMDAwMDAwMDAwLCJ1cGRhdGUiOjYwMDAwMDAwMDAwMH0sInNjaGVtYV92ZXJzaW9uIjoiMSJ9",
          "dependencies": [
            "google_compute_global_address.private_ip_address",
            "google_compute_network.private_network",
            "google_service_networking_connection.private_vpc_connection",
            "module.postgresql.google_sql_database.default",
            "module.postgresql.google_sql_database_instance.master",
            "module.postgresql.null_resource.dependency_getter",
            "random_id.name"
          ]
        }
      ]
    },
    {
      "module": "module.postgresql",
      "mode": "managed",
      "type": "null_resource",
      "name": "dependency_getter",
      "provider": "provider[\"registry.terraform.io/hashicorp/null\"]",
      "instances": [
        {
          "schema_version": 0,
          "attributes": {
            "id": "3738849378503203502",
            "triggers": null
          },
          "sensitive_attributes": [],
          "private": "bnVsbA==",
          "dependencies": [
            "google_compute_global_address.private_ip_address",
            "google_compute_network.private_network",
            "google_service_networking_connection.private_vpc_connection",
            "random_id.name"
          ]
        }
      ]
    }
  ]
}
